version = 1
requires-python = ">=3.11"
resolution-markers = [
    "python_full_version < '3.12'",
    "python_full_version >= '3.12'",
]

[[package]]
name = "jax"
version = "0.4.37"
source = { registry = "https://pypi.org/simple" }
dependencies = [
    { name = "jaxlib" },
    { name = "ml-dtypes" },
    { name = "numpy" },
    { name = "opt-einsum" },
    { name = "scipy" },
]
sdist = { url = "https://files.pythonhosted.org/packages/50/30/ad7617a960c86782587540a179cef676962322d1e5411415b1aa24f02ce0/jax-0.4.37.tar.gz", hash = "sha256:7774f3d9e23fe199c65589c680c5a5be87a183b89598421a632d8245222b637b", size = 1915966 }
wheels = [
    { url = "https://files.pythonhosted.org/packages/5f/3f/6c5553baaa7faa3fa8bae8279b1e46cb54c7ce52360139eae53498786ea5/jax-0.4.37-py3-none-any.whl", hash = "sha256:bdc0686d7e5a944e2d38026eae632214d98dd2d91869cbcedbf1c11298ae3e3e", size = 2221192 },
]

[[package]]
name = "jaxlib"
version = "0.4.36"
source = { registry = "https://pypi.org/simple" }
dependencies = [
    { name = "ml-dtypes" },
    { name = "numpy" },
    { name = "scipy" },
]
wheels = [
    { url = "https://files.pythonhosted.org/packages/e4/7d/9394ff39af5c23bb98a241c33742a328df5a43c21d569855ea7e096aaf5e/jaxlib-0.4.36-cp311-cp311-macosx_10_14_x86_64.whl", hash = "sha256:213792db3b876206b45f6a9fbea15e4dd22a9e80be25b03136f20c94784fecfa", size = 98669744 },
    { url = "https://files.pythonhosted.org/packages/34/5a/9f3c9e5cec23e60f78bb3c3da108a5ef664601862dbc4e84fc4be3654f5d/jaxlib-0.4.36-cp311-cp311-macosx_11_0_arm64.whl", hash = "sha256:6d7a89adf4c9d3cddd20482931dedc7a9e2669e904196a9599d9a605b3d9e552", size = 78574312 },
    { url = "https://files.pythonhosted.org/packages/ff/5c/bf78ed9b8d0f174a562f6496049a4872e14a3bb3a80de09c4292d04be5f0/jaxlib-0.4.36-cp311-cp311-manylinux2014_aarch64.whl", hash = "sha256:c395fe8cc5bd6558dd2fbce78e24172b6f27762e17628720ae03d693001283f3", size = 84038323 },
    { url = "https://files.pythonhosted.org/packages/67/af/6a9dd26e8a6bedd4c9fe702059767256b0d9ed18c29a180a4598d5795bb4/jaxlib-0.4.36-cp311-cp311-manylinux2014_x86_64.whl", hash = "sha256:bc324c6b1c64fe68400934c653e4e622f12576120dcdb451c3b4ea4dcaba2ae9", size = 100285487 },
    { url = "https://files.pythonhosted.org/packages/b7/46/31c3a519a94e84c672ca264c4151998e3e3fd11c481d8fa5af5885b91a1e/jaxlib-0.4.36-cp311-cp311-win_amd64.whl", hash = "sha256:c9e0c45a79e63aea65447f82bd0fa21c17b9afe884aa18dd5362b9965abe9d72", size = 63308064 },
    { url = "https://files.pythonhosted.org/packages/e3/0e/3b4a99c09431ee5820624d4dcf4efa7becd3c83b56ff0f09a078f4c421a2/jaxlib-0.4.36-cp312-cp312-macosx_10_14_x86_64.whl", hash = "sha256:5972aa85f6d771ecc8cc72148c1fa64250ca33cbdf2bf24407cdee8a5299d25d", size = 98718357 },
    { url = "https://files.pythonhosted.org/packages/d3/46/05e70a1236ec3782333b3e9469f971c9d45af2aa0aebf602acd9d76292eb/jaxlib-0.4.36-cp312-cp312-macosx_11_0_arm64.whl", hash = "sha256:5597908cd10418c0b42e9af807fc8112036703533cf501a5255a8fbf4011867e", size = 78596060 },
    { url = "https://files.pythonhosted.org/packages/8e/76/6b969cbf197b8c53c84c2642069722e84a3a260af084a8acbbf90ca444ea/jaxlib-0.4.36-cp312-cp312-manylinux2014_aarch64.whl", hash = "sha256:fbbabaa287378a78a3cf9cbe4de30a1f6f19a99116feb4bd687ff256415cd442", size = 84053202 },
    { url = "https://files.pythonhosted.org/packages/fe/f2/7624a304426daa7b135b85caf1b8eccf879e7cb10bc074656ce628309cb0/jaxlib-0.4.36-cp312-cp312-manylinux2014_x86_64.whl", hash = "sha256:be295abc209c980817db0488f21f1fbc0644f87326522895e2b9b64729106357", size = 100325610 },
    { url = "https://files.pythonhosted.org/packages/bb/8b/ded8420cd9198eb677869ffd557d9880af5833c7bf39e604e80b56550e09/jaxlib-0.4.36-cp312-cp312-win_amd64.whl", hash = "sha256:d4bbb5d2970628dcd3dabc28a5b97a1125ad3e06a1be822d340fd9f06f7449b3", size = 63338518 },
    { url = "https://files.pythonhosted.org/packages/5d/22/b72811c61e8b594951d3ee03245cb0932c723ac35e75569005c3c976eec2/jaxlib-0.4.36-cp313-cp313-macosx_10_14_x86_64.whl", hash = "sha256:02df9c0e1323dde01e966c22eb12432905d2d4de8aac7b603cad2083101b0e6b", size = 98719384 },
    { url = "https://files.pythonhosted.org/packages/f1/66/3f4a97097983914899100db9e5312493fe1d6adc924e47a0e47e15c553f5/jaxlib-0.4.36-cp313-cp313-macosx_11_0_arm64.whl", hash = "sha256:16ec980e85983f41999c4dc84137dec70507d958e23d7eefa104da93053d135f", size = 78596150 },
    { url = "https://files.pythonhosted.org/packages/3a/6f/cf02f56d1532962d8ca77a6548acab8204294b96b5a153ca4a2caf4971fc/jaxlib-0.4.36-cp313-cp313-manylinux2014_aarch64.whl", hash = "sha256:7ce9368515348d869d6c59d9904c3cb3c81f22ff3e9e969eae0e3563fe472080", size = 84055851 },
    { url = "https://files.pythonhosted.org/packages/28/10/4fc4e9719c065c6455491730011e87fe4b5120a9a008161cc32663feb9ce/jaxlib-0.4.36-cp313-cp313-manylinux2014_x86_64.whl", hash = "sha256:93f1c502d08e517f842fe7b18428bb086cfd077db0ea9a2418fb21e5b4e06d3d", size = 100325986 },
    { url = "https://files.pythonhosted.org/packages/ba/28/fece5385e736ef2f1b5bed133f8001f0fc66dd0104707381343e047b341a/jaxlib-0.4.36-cp313-cp313-win_amd64.whl", hash = "sha256:bddf436a243e83ec6bc16bcbb74d15b1960a69318c9ea796fb2109492bc52575", size = 63338694 },
]

[[package]]
name = "ml-dtypes"
version = "0.4.1"
source = { registry = "https://pypi.org/simple" }
dependencies = [
    { name = "numpy" },
]
sdist = { url = "https://files.pythonhosted.org/packages/fd/15/76f86faa0902836cc133939732f7611ace68cf54148487a99c539c272dc8/ml_dtypes-0.4.1.tar.gz", hash = "sha256:fad5f2de464fd09127e49b7fd1252b9006fb43d2edc1ff112d390c324af5ca7a", size = 692594 }
wheels = [
    { url = "https://files.pythonhosted.org/packages/d1/76/9835c8609c29f2214359e88f29255fc4aad4ea0f613fb48aa8815ceda1b6/ml_dtypes-0.4.1-cp311-cp311-macosx_10_9_universal2.whl", hash = "sha256:2d55b588116a7085d6e074cf0cdb1d6fa3875c059dddc4d2c94a4cc81c23e975", size = 397973 },
    { url = "https://files.pythonhosted.org/packages/7e/99/e68c56fac5de973007a10254b6e17a0362393724f40f66d5e4033f4962c2/ml_dtypes-0.4.1-cp311-cp311-manylinux_2_17_aarch64.manylinux2014_aarch64.whl", hash = "sha256:e138a9b7a48079c900ea969341a5754019a1ad17ae27ee330f7ebf43f23877f9", size = 2185134 },
    { url = "https://files.pythonhosted.org/packages/28/bc/6a2344338ea7b61cd7b46fb24ec459360a5a0903b57c55b156c1e46c644a/ml_dtypes-0.4.1-cp311-cp311-manylinux_2_17_x86_64.manylinux2014_x86_64.whl", hash = "sha256:74c6cfb5cf78535b103fde9ea3ded8e9f16f75bc07789054edc7776abfb3d752", size = 2163661 },
    { url = "https://files.pythonhosted.org/packages/e8/d3/ddfd9878b223b3aa9a930c6100a99afca5cfab7ea703662e00323acb7568/ml_dtypes-0.4.1-cp311-cp311-win_amd64.whl", hash = "sha256:274cc7193dd73b35fb26bef6c5d40ae3eb258359ee71cd82f6e96a8c948bdaa6", size = 126727 },
    { url = "https://files.pythonhosted.org/packages/ba/1a/99e924f12e4b62139fbac87419698c65f956d58de0dbfa7c028fa5b096aa/ml_dtypes-0.4.1-cp312-cp312-macosx_10_9_universal2.whl", hash = "sha256:827d3ca2097085cf0355f8fdf092b888890bb1b1455f52801a2d7756f056f54b", size = 405077 },
    { url = "https://files.pythonhosted.org/packages/8f/8c/7b610bd500617854c8cc6ed7c8cfb9d48d6a5c21a1437a36a4b9bc8a3598/ml_dtypes-0.4.1-cp312-cp312-manylinux_2_17_aarch64.manylinux2014_aarch64.whl", hash = "sha256:772426b08a6172a891274d581ce58ea2789cc8abc1c002a27223f314aaf894e7", size = 2181554 },
    { url = "https://files.pythonhosted.org/packages/c7/c6/f89620cecc0581dc1839e218c4315171312e46c62a62da6ace204bda91c0/ml_dtypes-0.4.1-cp312-cp312-manylinux_2_17_x86_64.manylinux2014_x86_64.whl", hash = "sha256:126e7d679b8676d1a958f2651949fbfa182832c3cd08020d8facd94e4114f3e9", size = 2160488 },
    { url = "https://files.pythonhosted.org/packages/ae/11/a742d3c31b2cc8557a48efdde53427fd5f9caa2fa3c9c27d826e78a66f51/ml_dtypes-0.4.1-cp312-cp312-win_amd64.whl", hash = "sha256:df0fb650d5c582a9e72bb5bd96cfebb2cdb889d89daff621c8fbc60295eba66c", size = 127462 },
]

[[package]]
name = "numpy"
version = "2.0.2"
source = { registry = "https://pypi.org/simple" }
sdist = { url = "https://files.pythonhosted.org/packages/a9/75/10dd1f8116a8b796cb2c737b674e02d02e80454bda953fa7e65d8c12b016/numpy-2.0.2.tar.gz", hash = "sha256:883c987dee1880e2a864ab0dc9892292582510604156762362d9326444636e78", size = 18902015 }
wheels = [
    { url = "https://files.pythonhosted.org/packages/8b/cf/034500fb83041aa0286e0fb16e7c76e5c8b67c0711bb6e9e9737a717d5fe/numpy-2.0.2-cp311-cp311-macosx_10_9_x86_64.whl", hash = "sha256:49ca4decb342d66018b01932139c0961a8f9ddc7589611158cb3c27cbcf76448", size = 21169137 },
    { url = "https://files.pythonhosted.org/packages/4a/d9/32de45561811a4b87fbdee23b5797394e3d1504b4a7cf40c10199848893e/numpy-2.0.2-cp311-cp311-macosx_11_0_arm64.whl", hash = "sha256:11a76c372d1d37437857280aa142086476136a8c0f373b2e648ab2c8f18fb195", size = 13703552 },
    { url = "https://files.pythonhosted.org/packages/c1/ca/2f384720020c7b244d22508cb7ab23d95f179fcfff33c31a6eeba8d6c512/numpy-2.0.2-cp311-cp311-macosx_14_0_arm64.whl", hash = "sha256:807ec44583fd708a21d4a11d94aedf2f4f3c3719035c76a2bbe1fe8e217bdc57", size = 5298957 },
    { url = "https://files.pythonhosted.org/packages/0e/78/a3e4f9fb6aa4e6fdca0c5428e8ba039408514388cf62d89651aade838269/numpy-2.0.2-cp311-cp311-macosx_14_0_x86_64.whl", hash = "sha256:8cafab480740e22f8d833acefed5cc87ce276f4ece12fdaa2e8903db2f82897a", size = 6905573 },
    { url = "https://files.pythonhosted.org/packages/a0/72/cfc3a1beb2caf4efc9d0b38a15fe34025230da27e1c08cc2eb9bfb1c7231/numpy-2.0.2-cp311-cp311-manylinux_2_17_aarch64.manylinux2014_aarch64.whl", hash = "sha256:a15f476a45e6e5a3a79d8a14e62161d27ad897381fecfa4a09ed5322f2085669", size = 13914330 },
    { url = "https://files.pythonhosted.org/packages/ba/a8/c17acf65a931ce551fee11b72e8de63bf7e8a6f0e21add4c937c83563538/numpy-2.0.2-cp311-cp311-manylinux_2_17_x86_64.manylinux2014_x86_64.whl", hash = "sha256:13e689d772146140a252c3a28501da66dfecd77490b498b168b501835041f951", size = 19534895 },
    { url = "https://files.pythonhosted.org/packages/ba/86/8767f3d54f6ae0165749f84648da9dcc8cd78ab65d415494962c86fac80f/numpy-2.0.2-cp311-cp311-musllinux_1_1_x86_64.whl", hash = "sha256:9ea91dfb7c3d1c56a0e55657c0afb38cf1eeae4544c208dc465c3c9f3a7c09f9", size = 19937253 },
    { url = "https://files.pythonhosted.org/packages/df/87/f76450e6e1c14e5bb1eae6836478b1028e096fd02e85c1c37674606ab752/numpy-2.0.2-cp311-cp311-musllinux_1_2_aarch64.whl", hash = "sha256:c1c9307701fec8f3f7a1e6711f9089c06e6284b3afbbcd259f7791282d660a15", size = 14414074 },
    { url = "https://files.pythonhosted.org/packages/5c/ca/0f0f328e1e59f73754f06e1adfb909de43726d4f24c6a3f8805f34f2b0fa/numpy-2.0.2-cp311-cp311-win32.whl", hash = "sha256:a392a68bd329eafac5817e5aefeb39038c48b671afd242710b451e76090e81f4", size = 6470640 },
    { url = "https://files.pythonhosted.org/packages/eb/57/3a3f14d3a759dcf9bf6e9eda905794726b758819df4663f217d658a58695/numpy-2.0.2-cp311-cp311-win_amd64.whl", hash = "sha256:286cd40ce2b7d652a6f22efdfc6d1edf879440e53e76a75955bc0c826c7e64dc", size = 15910230 },
    { url = "https://files.pythonhosted.org/packages/45/40/2e117be60ec50d98fa08c2f8c48e09b3edea93cfcabd5a9ff6925d54b1c2/numpy-2.0.2-cp312-cp312-macosx_10_9_x86_64.whl", hash = "sha256:df55d490dea7934f330006d0f81e8551ba6010a5bf035a249ef61a94f21c500b", size = 20895803 },
    { url = "https://files.pythonhosted.org/packages/46/92/1b8b8dee833f53cef3e0a3f69b2374467789e0bb7399689582314df02651/numpy-2.0.2-cp312-cp312-macosx_11_0_arm64.whl", hash = "sha256:8df823f570d9adf0978347d1f926b2a867d5608f434a7cff7f7908c6570dcf5e", size = 13471835 },
    { url = "https://files.pythonhosted.org/packages/7f/19/e2793bde475f1edaea6945be141aef6c8b4c669b90c90a300a8954d08f0a/numpy-2.0.2-cp312-cp312-macosx_14_0_arm64.whl", hash = "sha256:9a92ae5c14811e390f3767053ff54eaee3bf84576d99a2456391401323f4ec2c", size = 5038499 },
    { url = "https://files.pythonhosted.org/packages/e3/ff/ddf6dac2ff0dd50a7327bcdba45cb0264d0e96bb44d33324853f781a8f3c/numpy-2.0.2-cp312-cp312-macosx_14_0_x86_64.whl", hash = "sha256:a842d573724391493a97a62ebbb8e731f8a5dcc5d285dfc99141ca15a3302d0c", size = 6633497 },
    { url = "https://files.pythonhosted.org/packages/72/21/67f36eac8e2d2cd652a2e69595a54128297cdcb1ff3931cfc87838874bd4/numpy-2.0.2-cp312-cp312-manylinux_2_17_aarch64.manylinux2014_aarch64.whl", hash = "sha256:c05e238064fc0610c840d1cf6a13bf63d7e391717d247f1bf0318172e759e692", size = 13621158 },
    { url = "https://files.pythonhosted.org/packages/39/68/e9f1126d757653496dbc096cb429014347a36b228f5a991dae2c6b6cfd40/numpy-2.0.2-cp312-cp312-manylinux_2_17_x86_64.manylinux2014_x86_64.whl", hash = "sha256:0123ffdaa88fa4ab64835dcbde75dcdf89c453c922f18dced6e27c90d1d0ec5a", size = 19236173 },
    { url = "https://files.pythonhosted.org/packages/d1/e9/1f5333281e4ebf483ba1c888b1d61ba7e78d7e910fdd8e6499667041cc35/numpy-2.0.2-cp312-cp312-musllinux_1_1_x86_64.whl", hash = "sha256:96a55f64139912d61de9137f11bf39a55ec8faec288c75a54f93dfd39f7eb40c", size = 19634174 },
    { url = "https://files.pythonhosted.org/packages/71/af/a469674070c8d8408384e3012e064299f7a2de540738a8e414dcfd639996/numpy-2.0.2-cp312-cp312-musllinux_1_2_aarch64.whl", hash = "sha256:ec9852fb39354b5a45a80bdab5ac02dd02b15f44b3804e9f00c556bf24b4bded", size = 14099701 },
    { url = "https://files.pythonhosted.org/packages/d0/3d/08ea9f239d0e0e939b6ca52ad403c84a2bce1bde301a8eb4888c1c1543f1/numpy-2.0.2-cp312-cp312-win32.whl", hash = "sha256:671bec6496f83202ed2d3c8fdc486a8fc86942f2e69ff0e986140339a63bcbe5", size = 6174313 },
    { url = "https://files.pythonhosted.org/packages/b2/b5/4ac39baebf1fdb2e72585c8352c56d063b6126be9fc95bd2bb5ef5770c20/numpy-2.0.2-cp312-cp312-win_amd64.whl", hash = "sha256:cfd41e13fdc257aa5778496b8caa5e856dc4896d4ccf01841daee1d96465467a", size = 15606179 },
]

[[package]]
name = "opt-einsum"
version = "3.4.0"
source = { registry = "https://pypi.org/simple" }
sdist = { url = "https://files.pythonhosted.org/packages/8c/b9/2ac072041e899a52f20cf9510850ff58295003aa75525e58343591b0cbfb/opt_einsum-3.4.0.tar.gz", hash = "sha256:96ca72f1b886d148241348783498194c577fa30a8faac108586b14f1ba4473ac", size = 63004 }
wheels = [
    { url = "https://files.pythonhosted.org/packages/23/cd/066e86230ae37ed0be70aae89aabf03ca8d9f39c8aea0dec8029455b5540/opt_einsum-3.4.0-py3-none-any.whl", hash = "sha256:69bb92469f86a1565195ece4ac0323943e83477171b91d24c35afe028a90d7cd", size = 71932 },
]

[[package]]
name = "polars"
version = "1.17.1"
source = { registry = "https://pypi.org/simple" }
sdist = { url = "https://files.pythonhosted.org/packages/32/3b/40b42c6b0e54b001fbaaa55d3d769283e0d54541be783783e08da6a9c54a/polars-1.17.1.tar.gz", hash = "sha256:5a3dac3cb7cbe174d1fa898cba9afbede0c08e8728feeeab515554d762127019", size = 4220337 }
wheels = [
    { url = "https://files.pythonhosted.org/packages/5b/24/a7d97fb8988a3ccf9e285311fe9b04e8cec95657fc2b9f9a8ebedbcdd06f/polars-1.17.1-cp39-abi3-macosx_10_12_x86_64.whl", hash = "sha256:d3a2172f7cf332010f0b034345111e9c86d59b5a5b0fc5aa0509121f40d9e43c", size = 32993574 },
    { url = "https://files.pythonhosted.org/packages/84/4f/b892993474850e85ac05ffa6d0f312c207dcbb1e4a55dc6383f826d5a87d/polars-1.17.1-cp39-abi3-macosx_11_0_arm64.whl", hash = "sha256:82e98c69197df0d8ddc341a6175008508ceaea88f723f32044027810bcdb43fa", size = 28773084 },
    { url = "https://files.pythonhosted.org/packages/29/08/54fe197c9d5f951cf85944ff9cfe0a706dc9d2230e98814a125eda8a1d09/polars-1.17.1-cp39-abi3-manylinux_2_17_x86_64.manylinux2014_x86_64.whl", hash = "sha256:59abdab015ed2ecfa0c63862b960816c35096e1f4df057dde3c44cd973af5029", size = 36360758 },
    { url = "https://files.pythonhosted.org/packages/9b/0c/f5a100da6184f11838520a423a5830dabe194a0812c9fdbef419f2276a92/polars-1.17.1-cp39-abi3-manylinux_2_24_aarch64.whl", hash = "sha256:6d2f922c403b8900b3ae3c23a27b2cae3a2db40ad790cc4fc368402b92629b11", size = 32685903 },
    { url = "https://files.pythonhosted.org/packages/4b/59/cf2e88bebdffb7efb7e4f65f4ec9e293040c313d37e3628db87e4f64dca4/polars-1.17.1-cp39-abi3-win_amd64.whl", hash = "sha256:d38156c8259554cbcb17874d91e6dfa9c404335f08a3307496aadfdee46baa31", size = 35931768 },
]

[[package]]
name = "scipy"
version = "1.14.1"
source = { registry = "https://pypi.org/simple" }
dependencies = [
    { name = "numpy" },
]
sdist = { url = "https://files.pythonhosted.org/packages/62/11/4d44a1f274e002784e4dbdb81e0ea96d2de2d1045b2132d5af62cc31fd28/scipy-1.14.1.tar.gz", hash = "sha256:5a275584e726026a5699459aa72f828a610821006228e841b94275c4a7c08417", size = 58620554 }
wheels = [
    { url = "https://files.pythonhosted.org/packages/b2/ab/070ccfabe870d9f105b04aee1e2860520460ef7ca0213172abfe871463b9/scipy-1.14.1-cp311-cp311-macosx_10_13_x86_64.whl", hash = "sha256:2da0469a4ef0ecd3693761acbdc20f2fdeafb69e6819cc081308cc978153c675", size = 39076999 },
    { url = "https://files.pythonhosted.org/packages/a7/c5/02ac82f9bb8f70818099df7e86c3ad28dae64e1347b421d8e3adf26acab6/scipy-1.14.1-cp311-cp311-macosx_12_0_arm64.whl", hash = "sha256:c0ee987efa6737242745f347835da2cc5bb9f1b42996a4d97d5c7ff7928cb6f2", size = 29894570 },
    { url = "https://files.pythonhosted.org/packages/ed/05/7f03e680cc5249c4f96c9e4e845acde08eb1aee5bc216eff8a089baa4ddb/scipy-1.14.1-cp311-cp311-macosx_14_0_arm64.whl", hash = "sha256:3a1b111fac6baec1c1d92f27e76511c9e7218f1695d61b59e05e0fe04dc59617", size = 23103567 },
    { url = "https://files.pythonhosted.org/packages/5e/fc/9f1413bef53171f379d786aabc104d4abeea48ee84c553a3e3d8c9f96a9c/scipy-1.14.1-cp311-cp311-macosx_14_0_x86_64.whl", hash = "sha256:8475230e55549ab3f207bff11ebfc91c805dc3463ef62eda3ccf593254524ce8", size = 25499102 },
    { url = "https://files.pythonhosted.org/packages/c2/4b/b44bee3c2ddc316b0159b3d87a3d467ef8d7edfd525e6f7364a62cd87d90/scipy-1.14.1-cp311-cp311-manylinux_2_17_aarch64.manylinux2014_aarch64.whl", hash = "sha256:278266012eb69f4a720827bdd2dc54b2271c97d84255b2faaa8f161a158c3b37", size = 35586346 },
    { url = "https://files.pythonhosted.org/packages/93/6b/701776d4bd6bdd9b629c387b5140f006185bd8ddea16788a44434376b98f/scipy-1.14.1-cp311-cp311-manylinux_2_17_x86_64.manylinux2014_x86_64.whl", hash = "sha256:fef8c87f8abfb884dac04e97824b61299880c43f4ce675dd2cbeadd3c9b466d2", size = 41165244 },
    { url = "https://files.pythonhosted.org/packages/06/57/e6aa6f55729a8f245d8a6984f2855696c5992113a5dc789065020f8be753/scipy-1.14.1-cp311-cp311-musllinux_1_2_x86_64.whl", hash = "sha256:b05d43735bb2f07d689f56f7b474788a13ed8adc484a85aa65c0fd931cf9ccd2", size = 42817917 },
    { url = "https://files.pythonhosted.org/packages/ea/c2/5ecadc5fcccefaece775feadcd795060adf5c3b29a883bff0e678cfe89af/scipy-1.14.1-cp311-cp311-win_amd64.whl", hash = "sha256:716e389b694c4bb564b4fc0c51bc84d381735e0d39d3f26ec1af2556ec6aad94", size = 44781033 },
    { url = "https://files.pythonhosted.org/packages/c0/04/2bdacc8ac6387b15db6faa40295f8bd25eccf33f1f13e68a72dc3c60a99e/scipy-1.14.1-cp312-cp312-macosx_10_13_x86_64.whl", hash = "sha256:631f07b3734d34aced009aaf6fedfd0eb3498a97e581c3b1e5f14a04164a456d", size = 39128781 },
    { url = "https://files.pythonhosted.org/packages/c8/53/35b4d41f5fd42f5781dbd0dd6c05d35ba8aa75c84ecddc7d44756cd8da2e/scipy-1.14.1-cp312-cp312-macosx_12_0_arm64.whl", hash = "sha256:af29a935803cc707ab2ed7791c44288a682f9c8107bc00f0eccc4f92c08d6e07", size = 29939542 },
    { url = "https://files.pythonhosted.org/packages/66/67/6ef192e0e4d77b20cc33a01e743b00bc9e68fb83b88e06e636d2619a8767/scipy-1.14.1-cp312-cp312-macosx_14_0_arm64.whl", hash = "sha256:2843f2d527d9eebec9a43e6b406fb7266f3af25a751aa91d62ff416f54170bc5", size = 23148375 },
    { url = "https://files.pythonhosted.org/packages/f6/32/3a6dedd51d68eb7b8e7dc7947d5d841bcb699f1bf4463639554986f4d782/scipy-1.14.1-cp312-cp312-macosx_14_0_x86_64.whl", hash = "sha256:eb58ca0abd96911932f688528977858681a59d61a7ce908ffd355957f7025cfc", size = 25578573 },
    { url = "https://files.pythonhosted.org/packages/f0/5a/efa92a58dc3a2898705f1dc9dbaf390ca7d4fba26d6ab8cfffb0c72f656f/scipy-1.14.1-cp312-cp312-manylinux_2_17_aarch64.manylinux2014_aarch64.whl", hash = "sha256:30ac8812c1d2aab7131a79ba62933a2a76f582d5dbbc695192453dae67ad6310", size = 35319299 },
    { url = "https://files.pythonhosted.org/packages/8e/ee/8a26858ca517e9c64f84b4c7734b89bda8e63bec85c3d2f432d225bb1886/scipy-1.14.1-cp312-cp312-manylinux_2_17_x86_64.manylinux2014_x86_64.whl", hash = "sha256:8f9ea80f2e65bdaa0b7627fb00cbeb2daf163caa015e59b7516395fe3bd1e066", size = 40849331 },
    { url = "https://files.pythonhosted.org/packages/a5/cd/06f72bc9187840f1c99e1a8750aad4216fc7dfdd7df46e6280add14b4822/scipy-1.14.1-cp312-cp312-musllinux_1_2_x86_64.whl", hash = "sha256:edaf02b82cd7639db00dbff629995ef185c8df4c3ffa71a5562a595765a06ce1", size = 42544049 },
    { url = "https://files.pythonhosted.org/packages/aa/7d/43ab67228ef98c6b5dd42ab386eae2d7877036970a0d7e3dd3eb47a0d530/scipy-1.14.1-cp312-cp312-win_amd64.whl", hash = "sha256:2ff38e22128e6c03ff73b6bb0f85f897d2362f8c052e3b8ad00532198fbdae3f", size = 44521212 },
    { url = "https://files.pythonhosted.org/packages/50/ef/ac98346db016ff18a6ad7626a35808f37074d25796fd0234c2bb0ed1e054/scipy-1.14.1-cp313-cp313-macosx_10_13_x86_64.whl", hash = "sha256:1729560c906963fc8389f6aac023739ff3983e727b1a4d87696b7bf108316a79", size = 39091068 },
    { url = "https://files.pythonhosted.org/packages/b9/cc/70948fe9f393b911b4251e96b55bbdeaa8cca41f37c26fd1df0232933b9e/scipy-1.14.1-cp313-cp313-macosx_12_0_arm64.whl", hash = "sha256:4079b90df244709e675cdc8b93bfd8a395d59af40b72e339c2287c91860deb8e", size = 29875417 },
    { url = "https://files.pythonhosted.org/packages/3b/2e/35f549b7d231c1c9f9639f9ef49b815d816bf54dd050da5da1c11517a218/scipy-1.14.1-cp313-cp313-macosx_14_0_arm64.whl", hash = "sha256:e0cf28db0f24a38b2a0ca33a85a54852586e43cf6fd876365c86e0657cfe7d73", size = 23084508 },
    { url = "https://files.pythonhosted.org/packages/3f/d6/b028e3f3e59fae61fb8c0f450db732c43dd1d836223a589a8be9f6377203/scipy-1.14.1-cp313-cp313-macosx_14_0_x86_64.whl", hash = "sha256:0c2f95de3b04e26f5f3ad5bb05e74ba7f68b837133a4492414b3afd79dfe540e", size = 25503364 },
    { url = "https://files.pythonhosted.org/packages/a7/2f/6c142b352ac15967744d62b165537a965e95d557085db4beab2a11f7943b/scipy-1.14.1-cp313-cp313-manylinux_2_17_aarch64.manylinux2014_aarch64.whl", hash = "sha256:b99722ea48b7ea25e8e015e8341ae74624f72e5f21fc2abd45f3a93266de4c5d", size = 35292639 },
    { url = "https://files.pythonhosted.org/packages/56/46/2449e6e51e0d7c3575f289f6acb7f828938eaab8874dbccfeb0cd2b71a27/scipy-1.14.1-cp313-cp313-manylinux_2_17_x86_64.manylinux2014_x86_64.whl", hash = "sha256:5149e3fd2d686e42144a093b206aef01932a0059c2a33ddfa67f5f035bdfe13e", size = 40798288 },
    { url = "https://files.pythonhosted.org/packages/32/cd/9d86f7ed7f4497c9fd3e39f8918dd93d9f647ba80d7e34e4946c0c2d1a7c/scipy-1.14.1-cp313-cp313-musllinux_1_2_x86_64.whl", hash = "sha256:e4f5a7c49323533f9103d4dacf4e4f07078f360743dec7f7596949149efeec06", size = 42524647 },
    { url = "https://files.pythonhosted.org/packages/f5/1b/6ee032251bf4cdb0cc50059374e86a9f076308c1512b61c4e003e241efb7/scipy-1.14.1-cp313-cp313-win_amd64.whl", hash = "sha256:baff393942b550823bfce952bb62270ee17504d02a1801d7fd0719534dfb9c84", size = 44469524 },
]

[[package]]
name = "setuptools"
version = "75.6.0"
source = { registry = "https://pypi.org/simple" }
sdist = { url = "https://files.pythonhosted.org/packages/43/54/292f26c208734e9a7f067aea4a7e282c080750c4546559b58e2e45413ca0/setuptools-75.6.0.tar.gz", hash = "sha256:8199222558df7c86216af4f84c30e9b34a61d8ba19366cc914424cdbd28252f6", size = 1337429 }
wheels = [
    { url = "https://files.pythonhosted.org/packages/55/21/47d163f615df1d30c094f6c8bbb353619274edccf0327b185cc2493c2c33/setuptools-75.6.0-py3-none-any.whl", hash = "sha256:ce74b49e8f7110f9bf04883b730f4765b774ef3ef28f722cce7c273d253aaf7d", size = 1224032 },
]

[[package]]
name = "word-judge"
version = "0.1.0"
source = { editable = "." }
dependencies = [
    { name = "jax" },
    { name = "polars" },
]

[package.dev-dependencies]
dev = [
    { name = "setuptools" },
]

[package.metadata]
requires-dist = [
    { name = "jax", specifier = ">=0.4.37" },
    { name = "polars", specifier = ">=1.17.1" },
]

[package.metadata.requires-dev]
dev = [{ name = "setuptools", specifier = ">=75.6.0" }]
